
Microsoft Visual Studio Solution File, Format Version 12.00
# Visual Studio Version 17
VisualStudioVersion = 17.0.31903.59
MinimumVisualStudioVersion = 10.0.40219.1
Project("{2150E333-8FDC-42A3-9474-1A3956D46DE8}") = "src", "src", "{4263FA4A-1971-484C-B81B-868F455BA1B0}"
EndProject
Project("{FAE04EC0-301F-11D3-BF4B-00C04F79EFBC}") = "GhostHand.Core", "src\GhostHand.Core\GhostHand.Core.csproj", "{5A501E2B-BC88-4457-86C7-14F635C07E04}"
EndProject
Project("{FAE04EC0-301F-11D3-BF4B-00C04F79EFBC}") = "GhostHand.Platform", "src\GhostHand.Platform\GhostHand.Platform.csproj", "{B2648812-F5D5-4931-9FB2-9C2F541CACFD}"
EndProject
Project("{FAE04EC0-301F-11D3-BF4B-00C04F79EFBC}") = "GhostHand.App", "src\GhostHand.App\GhostHand.App.csproj", "{C01F4B78-E757-4B16-B92F-680E78B6664D}"
EndProject
Project("{FAE04EC0-301F-11D3-BF4B-00C04F79EFBC}") = "GhostHand.Cli", "src\GhostHand.Cli\GhostHand.Cli.csproj", "{65A5185C-F00A-4750-9928-EA50B9C82680}"
EndProject
Project("{2150E333-8FDC-42A3-9474-1A3956D46DE8}") = "tests", "tests", "{24E12F5C-013E-4CDA-A554-2F0CB5B82A57}"
EndProject
Project("{FAE04EC0-301F-11D3-BF4B-00C04F79EFBC}") = "GhostHand.Tests", "tests\GhostHand.Tests\GhostHand.Tests.csproj", "{EB17AB75-4D80-4A78-8D53-1787F8124DD7}"
EndProject
Project("{FAE04EC0-301F-11D3-BF4B-00C04F79EFBC}") = "GhostHand.Core.Tests", "tests\GhostHand.Core.Tests\GhostHand.Core.Tests.csproj", "{2F8657E3-D086-412A-8F30-105A22A4397A}"
EndProject
Global
	GlobalSection(SolutionConfigurationPlatforms) = preSolution
		Debug|Any CPU = Debug|Any CPU
		Release|Any CPU = Release|Any CPU
	EndGlobalSection
	GlobalSection(SolutionProperties) = preSolution
		HideSolutionNode = FALSE
	EndGlobalSection
	GlobalSection(ProjectConfigurationPlatforms) = postSolution
		{5A501E2B-BC88-4457-86C7-14F635C07E04}.Debug|Any CPU.ActiveCfg = Debug|Any CPU
		{5A501E2B-BC88-4457-86C7-14F635C07E04}.Debug|Any CPU.Build.0 = Debug|Any CPU
		{5A501E2B-BC88-4457-86C7-14F635C07E04}.Release|Any CPU.ActiveCfg = Release|Any CPU
		{5A501E2B-BC88-4457-86C7-14F635C07E04}.Release|Any CPU.Build.0 = Release|Any CPU
		{B2648812-F5D5-4931-9FB2-9C2F541CACFD}.Debug|Any CPU.ActiveCfg = Debug|Any CPU
		{B2648812-F5D5-4931-9FB2-9C2F541CACFD}.Debug|Any CPU.Build.0 = Debug|Any CPU
		{B2648812-F5D5-4931-9FB2-9C2F541CACFD}.Release|Any CPU.ActiveCfg = Release|Any CPU
		{B2648812-F5D5-4931-9FB2-9C2F541CACFD}.Release|Any CPU.Build.0 = Release|Any CPU
		{C01F4B78-E757-4B16-B92F-680E78B6664D}.Debug|Any CPU.ActiveCfg = Debug|Any CPU
		{C01F4B78-E757-4B16-B92F-680E78B6664D}.Debug|Any CPU.Build.0 = Debug|Any CPU
		{C01F4B78-E757-4B16-B92F-680E78B6664D}.Release|Any CPU.ActiveCfg = Release|Any CPU
		{C01F4B78-E757-4B16-B92F-680E78B6664D}.Release|Any CPU.Build.0 = Release|Any CPU
		{65A5185C-F00A-4750-9928-EA50B9C82680}.Debug|Any CPU.ActiveCfg = Debug|Any CPU
		{65A5185C-F00A-4750-9928-EA50B9C82680}.Debug|Any CPU.Build.0 = Debug|Any CPU
		{65A5185C-F00A-4750-9928-EA50B9C82680}.Release|Any CPU.ActiveCfg = Release|Any CPU
		{65A5185C-F00A-4750-9928-EA50B9C82680}.Release|Any CPU.Build.0 = Release|Any CPU
		{EB17AB75-4D80-4A78-8D53-1787F8124DD7}.Debug|Any CPU.ActiveCfg = Debug|Any CPU
		{EB17AB75-4D80-4A78-8D53-1787F8124DD7}.Debug|Any CPU.Build.0 = Debug|Any CPU
		{EB17AB75-4D80-4A78-8D53-1787F8124DD7}.Release|Any CPU.ActiveCfg = Release|Any CPU
		{EB17AB75-4D80-4A78-8D53-1787F8124DD7}.Release|Any CPU.Build.0 = Release|Any CPU
		{2F8657E3-D086-412A-8F30-105A22A4397A}.Debug|Any CPU.ActiveCfg = Debug|Any CPU
		{2F8657E3-D086-412A-8F30-105A22A4397A}.Debug|Any CPU.Build.0 = Debug|Any CPU
		{2F8657E3-D086-412A-8F30-105A22A4397A}.Release|Any CPU.ActiveCfg = Release|Any CPU
		{2F8657E3-D086-412A-8F30-105A22A4397A}.Release|Any CPU.Build.0 = Release|Any CPU
	EndGlobalSection
	GlobalSection(NestedProjects) = preSolution
		{5A501E2B-BC88-4457-86C7-14F635C07E04} = {4263FA4A-1971-484C-B81B-868F455BA1B0}
		{B2648812-F5D5-4931-9FB2-9C2F541CACFD} = {4263FA4A-1971-484C-B81B-868F455BA1B0}
		{C01F4B78-E757-4B16-B92F-680E78B6664D} = {4263FA4A-1971-484C-B81B-868F455BA1B0}
		{65A5185C-F00A-4750-9928-EA50B9C82680} = {4263FA4A-1971-484C-B81B-868F455BA1B0}
		{EB17AB75-4D80-4A78-8D53-1787F8124DD7} = {24E12F5C-013E-4CDA-A554-2F0CB5B82A57}
		{2F8657E3-D086-412A-8F30-105A22A4397A} = {24E12F5C-013E-4CDA-A554-2F0CB5B82A57}
	EndGlobalSection
EndGlobal
